
Microsoft Visual Studio Solution File, Format Version 12.00
# Visual Studio Version 16
VisualStudioVersion = 16.0.31005.135
MinimumVisualStudioVersion = 10.0.40219.1
Project("{F184B08F-C81C-45F6-A57F-5ABD9991F28F}") = "PhotoExcel", "PhotoExcel\PhotoExcel.vbproj", "{53637B95-9909-48DA-943C-120A523E9EF7}"
EndProject
Global
	GlobalSection(SolutionConfigurationPlatforms) = preSolution
		Debug|Any CPU = Debug|Any CPU
		Release|Any CPU = Release|Any CPU
	EndGlobalSection
	GlobalSection(ProjectConfigurationPlatforms) = postSolution
		{53637B95-9909-48DA-943C-120A523E9EF7}.Debug|Any CPU.ActiveCfg = Debug|Any CPU
		{53637B95-9909-48DA-943C-120A523E9EF7}.Debug|Any CPU.Build.0 = Debug|Any CPU
		{53637B95-9909-48DA-943C-120A523E9EF7}.Release|Any CPU.ActiveCfg = Release|Any CPU
		{53637B95-9909-48DA-943C-120A523E9EF7}.Release|Any CPU.Build.0 = Release|Any CPU
	EndGlobalSection
	GlobalSection(SolutionProperties) = preSolution
		HideSolutionNode = FALSE
	EndGlobalSection
	GlobalSection(ExtensibilityGlobals) = postSolution
		SolutionGuid = {74F26FB5-9A1F-44F1-9C42-0FBEB9611805}
	EndGlobalSection
EndGlobal
